
Microsoft Visual Studio Solution File, Format Version 12.00
# Visual Studio Version 17
VisualStudioVersion = 17.14.37203.1
MinimumVisualStudioVersion = 10.0.40219.1
Project("{FAE04EC0-301F-11D3-BF4B-00C04F79EFBC}") = "AniCard", "AniCard.csproj", "{6CF263D4-D518-425B-8B2F-C99D51EEAD1C}"
EndProject
Project("{FAE04EC0-301F-11D3-BF4B-00C04F79EFBC}") = "AniCard.Tests", "AniCard.Tests\AniCard.Tests.csproj", "{1AE32CE5-823A-43A3-919E-4336F6FBDED0}"
EndProject
Global
	GlobalSection(SolutionConfigurationPlatforms) = preSolution
		Debug|Any CPU = Debug|Any CPU
		Debug|x64 = Debug|x64
		Debug|x86 = Debug|x86
		Release|Any CPU = Release|Any CPU
		Release|x64 = Release|x64
		Release|x86 = Release|x86
	EndGlobalSection
	GlobalSection(ProjectConfigurationPlatforms) = postSolution
		{6CF263D4-D518-425B-8B2F-C99D51EEAD1C}.Debug|Any CPU.ActiveCfg = Debug|Any CPU
		{6CF263D4-D518-425B-8B2F-C99D51EEAD1C}.Debug|Any CPU.Build.0 = Debug|Any CPU
		{6CF263D4-D518-425B-8B2F-C99D51EEAD1C}.Debug|x64.ActiveCfg = Debug|Any CPU
		{6CF263D4-D518-425B-8B2F-C99D51EEAD1C}.Debug|x64.Build.0 = Debug|Any CPU
		{6CF263D4-D518-425B-8B2F-C99D51EEAD1C}.Debug|x86.ActiveCfg = Debug|Any CPU
		{6CF263D4-D518-425B-8B2F-C99D51EEAD1C}.Debug|x86.Build.0 = Debug|Any CPU
		{6CF263D4-D518-425B-8B2F-C99D51EEAD1C}.Release|Any CPU.ActiveCfg = Release|Any CPU
		{6CF263D4-D518-425B-8B2F-C99D51EEAD1C}.Release|Any CPU.Build.0 = Release|Any CPU
		{6CF263D4-D518-425B-8B2F-C99D51EEAD1C}.Release|x64.ActiveCfg = Release|Any CPU
		{6CF263D4-D518-425B-8B2F-C99D51EEAD1C}.Release|x64.Build.0 = Release|Any CPU
		{6CF263D4-D518-425B-8B2F-C99D51EEAD1C}.Release|x86.ActiveCfg = Release|Any CPU
		{6CF263D4-D518-425B-8B2F-C99D51EEAD1C}.Release|x86.Build.0 = Release|Any CPU
		{1AE32CE5-823A-43A3-919E-4336F6FBDED0}.Debug|Any CPU.ActiveCfg = Debug|Any CPU
		{1AE32CE5-823A-43A3-919E-4336F6FBDED0}.Debug|Any CPU.Build.0 = Debug|Any CPU
		{1AE32CE5-823A-43A3-919E-4336F6FBDED0}.Debug|x64.ActiveCfg = Debug|Any CPU
		{1AE32CE5-823A-43A3-919E-4336F6FBDED0}.Debug|x64.Build.0 = Debug|Any CPU
		{1AE32CE5-823A-43A3-919E-4336F6FBDED0}.Debug|x86.ActiveCfg = Debug|Any CPU
		{1AE32CE5-823A-43A3-919E-4336F6FBDED0}.Debug|x86.Build.0 = Debug|Any CPU
		{1AE32CE5-823A-43A3-919E-4336F6FBDED0}.Release|Any CPU.ActiveCfg = Release|Any CPU
		{1AE32CE5-823A-43A3-919E-4336F6FBDED0}.Release|Any CPU.Build.0 = Release|Any CPU
		{1AE32CE5-823A-43A3-919E-4336F6FBDED0}.Release|x64.ActiveCfg = Release|Any CPU
		{1AE32CE5-823A-43A3-919E-4336F6FBDED0}.Release|x64.Build.0 = Release|Any CPU
		{1AE32CE5-823A-43A3-919E-4336F6FBDED0}.Release|x86.ActiveCfg = Release|Any CPU
		{1AE32CE5-823A-43A3-919E-4336F6FBDED0}.Release|x86.Build.0 = Release|Any CPU
	EndGlobalSection
	GlobalSection(SolutionProperties) = preSolution
		HideSolutionNode = FALSE
	EndGlobalSection
	GlobalSection(ExtensibilityGlobals) = postSolution
		SolutionGuid = {087B4F15-0660-48D0-AF5C-2D0C7C2103A0}
	EndGlobalSection
EndGlobal
